
Microsoft Visual Studio Solution File, Format Version 12.00
# Visual Studio 2013
VisualStudioVersion = 12.0.31101.0
MinimumVisualStudioVersion = 10.0.40219.1
Project("{FAE04EC0-301F-11D3-BF4B-00C04F79EFBC}") = "HudsonTest", "HudsonTest\HudsonTest.csproj", "{E376D35F-3BC3-4388-B54A-EE288612E7C9}"
EndProject
Project("{2150E333-8FDC-42A3-9474-1A3956D46DE8}") = ".nuget", ".nuget", "{35DE345B-D59D-4ECB-B53A-8BDBC533EB5F}"
	ProjectSection(SolutionItems) = preProject
		.nuget\NuGet.Config = .nuget\NuGet.Config
		.nuget\NuGet.exe = .nuget\NuGet.exe
		.nuget\NuGet.targets = .nuget\NuGet.targets
	EndProjectSection
EndProject
Project("{00D1A9C2-B5F0-4AF3-8072-F6C62B433612}") = "HudsonTest.Database", "HudsonTest.Database\HudsonTest.Database.sqlproj", "{A357D5C7-B9F7-4CEB-A2B3-071944B02E9E}"
EndProject
Global
	GlobalSection(SolutionConfigurationPlatforms) = preSolution
		Debug|Any CPU = Debug|Any CPU
		Release|Any CPU = Release|Any CPU
		Staging|Any CPU = Staging|Any CPU
	EndGlobalSection
	GlobalSection(ProjectConfigurationPlatforms) = postSolution
		{E376D35F-3BC3-4388-B54A-EE288612E7C9}.Debug|Any CPU.ActiveCfg = Debug|Any CPU
		{E376D35F-3BC3-4388-B54A-EE288612E7C9}.Debug|Any CPU.Build.0 = Debug|Any CPU
		{E376D35F-3BC3-4388-B54A-EE288612E7C9}.Release|Any CPU.ActiveCfg = Release|Any CPU
		{E376D35F-3BC3-4388-B54A-EE288612E7C9}.Release|Any CPU.Build.0 = Release|Any CPU
		{E376D35F-3BC3-4388-B54A-EE288612E7C9}.Staging|Any CPU.ActiveCfg = Staging|Any CPU
		{E376D35F-3BC3-4388-B54A-EE288612E7C9}.Staging|Any CPU.Build.0 = Staging|Any CPU
		{A357D5C7-B9F7-4CEB-A2B3-071944B02E9E}.Debug|Any CPU.ActiveCfg = Debug|Any CPU
		{A357D5C7-B9F7-4CEB-A2B3-071944B02E9E}.Debug|Any CPU.Build.0 = Debug|Any CPU
		{A357D5C7-B9F7-4CEB-A2B3-071944B02E9E}.Debug|Any CPU.Deploy.0 = Debug|Any CPU
		{A357D5C7-B9F7-4CEB-A2B3-071944B02E9E}.Release|Any CPU.ActiveCfg = Release|Any CPU
		{A357D5C7-B9F7-4CEB-A2B3-071944B02E9E}.Release|Any CPU.Build.0 = Release|Any CPU
		{A357D5C7-B9F7-4CEB-A2B3-071944B02E9E}.Release|Any CPU.Deploy.0 = Release|Any CPU
		{A357D5C7-B9F7-4CEB-A2B3-071944B02E9E}.Staging|Any CPU.ActiveCfg = Debug|Any CPU
		{A357D5C7-B9F7-4CEB-A2B3-071944B02E9E}.Staging|Any CPU.Build.0 = Debug|Any CPU
		{A357D5C7-B9F7-4CEB-A2B3-071944B02E9E}.Staging|Any CPU.Deploy.0 = Debug|Any CPU
	EndGlobalSection
	GlobalSection(SolutionProperties) = preSolution
		HideSolutionNode = FALSE
	EndGlobalSection
EndGlobal
